
Microsoft Visual Studio Solution File, Format Version 12.00
# Visual Studio Version 17
VisualStudioVersion = 17.7.34009.444
MinimumVisualStudioVersion = 10.0.40219.1
Project("{9A19103F-16F7-4668-BE54-9A1E7A4F7556}") = "FirstWPFApplication", "FirstWPFApplication\FirstWPFApplication.csproj", "{497D82C6-5671-4E54-85F6-5E9DCECF7C14}"
EndProject
Project("{9A19103F-16F7-4668-BE54-9A1E7A4F7556}") = "JsonFromAFile", "JsonFromAFile\JsonFromAFile.csproj", "{A51DB35D-0277-4D08-9D7F-8F793F9FC46C}"
EndProject
Project("{9A19103F-16F7-4668-BE54-9A1E7A4F7556}") = "Json_ChuckNorrisJokes", "Json_ChuckNorrisJokes\Json_ChuckNorrisJokes.csproj", "{73FBB2C8-27E7-4701-9333-5A13420A8633}"
EndProject
Project("{FAE04EC0-301F-11D3-BF4B-00C04F79EFBC}") = "Json_Pokemon", "Json_Pokemon\Json_Pokemon.csproj", "{43C0BF9B-42F0-41D8-81F1-5BDDAA5E5EBB}"
EndProject
Global
	GlobalSection(SolutionConfigurationPlatforms) = preSolution
		Debug|Any CPU = Debug|Any CPU
		Release|Any CPU = Release|Any CPU
	EndGlobalSection
	GlobalSection(ProjectConfigurationPlatforms) = postSolution
		{497D82C6-5671-4E54-85F6-5E9DCECF7C14}.Debug|Any CPU.ActiveCfg = Debug|Any CPU
		{497D82C6-5671-4E54-85F6-5E9DCECF7C14}.Debug|Any CPU.Build.0 = Debug|Any CPU
		{497D82C6-5671-4E54-85F6-5E9DCECF7C14}.Release|Any CPU.ActiveCfg = Release|Any CPU
		{497D82C6-5671-4E54-85F6-5E9DCECF7C14}.Release|Any CPU.Build.0 = Release|Any CPU
		{A51DB35D-0277-4D08-9D7F-8F793F9FC46C}.Debug|Any CPU.ActiveCfg = Debug|Any CPU
		{A51DB35D-0277-4D08-9D7F-8F793F9FC46C}.Debug|Any CPU.Build.0 = Debug|Any CPU
		{A51DB35D-0277-4D08-9D7F-8F793F9FC46C}.Release|Any CPU.ActiveCfg = Release|Any CPU
		{A51DB35D-0277-4D08-9D7F-8F793F9FC46C}.Release|Any CPU.Build.0 = Release|Any CPU
		{73FBB2C8-27E7-4701-9333-5A13420A8633}.Debug|Any CPU.ActiveCfg = Debug|Any CPU
		{73FBB2C8-27E7-4701-9333-5A13420A8633}.Debug|Any CPU.Build.0 = Debug|Any CPU
		{73FBB2C8-27E7-4701-9333-5A13420A8633}.Release|Any CPU.ActiveCfg = Release|Any CPU
		{73FBB2C8-27E7-4701-9333-5A13420A8633}.Release|Any CPU.Build.0 = Release|Any CPU
		{43C0BF9B-42F0-41D8-81F1-5BDDAA5E5EBB}.Debug|Any CPU.ActiveCfg = Debug|Any CPU
		{43C0BF9B-42F0-41D8-81F1-5BDDAA5E5EBB}.Debug|Any CPU.Build.0 = Debug|Any CPU
		{43C0BF9B-42F0-41D8-81F1-5BDDAA5E5EBB}.Release|Any CPU.ActiveCfg = Release|Any CPU
		{43C0BF9B-42F0-41D8-81F1-5BDDAA5E5EBB}.Release|Any CPU.Build.0 = Release|Any CPU
	EndGlobalSection
	GlobalSection(SolutionProperties) = preSolution
		HideSolutionNode = FALSE
	EndGlobalSection
	GlobalSection(ExtensibilityGlobals) = postSolution
		SolutionGuid = {8EBEE123-B6A5-4750-B6B5-69800A9146DB}
	EndGlobalSection
EndGlobal
