
Microsoft Visual Studio Solution File, Format Version 12.00
# Visual Studio Version 17
VisualStudioVersion = 17.7.34009.444
MinimumVisualStudioVersion = 10.0.40219.1
Project("{9A19103F-16F7-4668-BE54-9A1E7A4F7556}") = "FirstWPF", "In_Class_Examples\FirstWPF.csproj", "{732A60F3-64AC-4474-B043-8B504D5AC970}"
EndProject
Project("{9A19103F-16F7-4668-BE54-9A1E7A4F7556}") = "JsonExample", "JsonExample\JsonExample.csproj", "{6A0D1AA3-A8EE-47CA-9D40-BA7C2B04FE75}"
EndProject
Project("{9A19103F-16F7-4668-BE54-9A1E7A4F7556}") = "WebServiceExample", "WebServiceExample\WebServiceExample.csproj", "{BD41D241-FDEE-4A2D-9444-EFD4B11373CE}"
EndProject
Project("{9A19103F-16F7-4668-BE54-9A1E7A4F7556}") = "EntityFramework_ReadingFromDatabase", "EntityFramework_ReadingFromDatabase\EntityFramework_ReadingFromDatabase.csproj", "{5F4F12EE-7B3D-4BEE-BE71-F1659634FDB4}"
EndProject
Project("{FAE04EC0-301F-11D3-BF4B-00C04F79EFBC}") = "WebVersionOfChuckNorris", "WebVersionOfChuckNorris\WebVersionOfChuckNorris.csproj", "{6E961FDE-34EA-4F63-A035-219ECFF84549}"
EndProject
Global
	GlobalSection(SolutionConfigurationPlatforms) = preSolution
		Debug|Any CPU = Debug|Any CPU
		Release|Any CPU = Release|Any CPU
	EndGlobalSection
	GlobalSection(ProjectConfigurationPlatforms) = postSolution
		{732A60F3-64AC-4474-B043-8B504D5AC970}.Debug|Any CPU.ActiveCfg = Debug|Any CPU
		{732A60F3-64AC-4474-B043-8B504D5AC970}.Debug|Any CPU.Build.0 = Debug|Any CPU
		{732A60F3-64AC-4474-B043-8B504D5AC970}.Release|Any CPU.ActiveCfg = Release|Any CPU
		{732A60F3-64AC-4474-B043-8B504D5AC970}.Release|Any CPU.Build.0 = Release|Any CPU
		{6A0D1AA3-A8EE-47CA-9D40-BA7C2B04FE75}.Debug|Any CPU.ActiveCfg = Debug|Any CPU
		{6A0D1AA3-A8EE-47CA-9D40-BA7C2B04FE75}.Debug|Any CPU.Build.0 = Debug|Any CPU
		{6A0D1AA3-A8EE-47CA-9D40-BA7C2B04FE75}.Release|Any CPU.ActiveCfg = Release|Any CPU
		{6A0D1AA3-A8EE-47CA-9D40-BA7C2B04FE75}.Release|Any CPU.Build.0 = Release|Any CPU
		{BD41D241-FDEE-4A2D-9444-EFD4B11373CE}.Debug|Any CPU.ActiveCfg = Debug|Any CPU
		{BD41D241-FDEE-4A2D-9444-EFD4B11373CE}.Debug|Any CPU.Build.0 = Debug|Any CPU
		{BD41D241-FDEE-4A2D-9444-EFD4B11373CE}.Release|Any CPU.ActiveCfg = Release|Any CPU
		{BD41D241-FDEE-4A2D-9444-EFD4B11373CE}.Release|Any CPU.Build.0 = Release|Any CPU
		{5F4F12EE-7B3D-4BEE-BE71-F1659634FDB4}.Debug|Any CPU.ActiveCfg = Debug|Any CPU
		{5F4F12EE-7B3D-4BEE-BE71-F1659634FDB4}.Debug|Any CPU.Build.0 = Debug|Any CPU
		{5F4F12EE-7B3D-4BEE-BE71-F1659634FDB4}.Release|Any CPU.ActiveCfg = Release|Any CPU
		{5F4F12EE-7B3D-4BEE-BE71-F1659634FDB4}.Release|Any CPU.Build.0 = Release|Any CPU
		{6E961FDE-34EA-4F63-A035-219ECFF84549}.Debug|Any CPU.ActiveCfg = Debug|Any CPU
		{6E961FDE-34EA-4F63-A035-219ECFF84549}.Debug|Any CPU.Build.0 = Debug|Any CPU
		{6E961FDE-34EA-4F63-A035-219ECFF84549}.Release|Any CPU.ActiveCfg = Release|Any CPU
		{6E961FDE-34EA-4F63-A035-219ECFF84549}.Release|Any CPU.Build.0 = Release|Any CPU
	EndGlobalSection
	GlobalSection(SolutionProperties) = preSolution
		HideSolutionNode = FALSE
	EndGlobalSection
	GlobalSection(ExtensibilityGlobals) = postSolution
		SolutionGuid = {55FA3024-07A9-4478-A5E8-4F83D756490A}
	EndGlobalSection
EndGlobal
